// !$*UTF8*$!
{
	archiveVersion = 1;
	classes = {
	};
	objectVersion = 50;
	objects = {

/* Begin PBXBuildFile section */
		5510430720F23CBB00D3C58C /* AppDelegate.swift in Sources */ = {isa = PBXBuildFile; fileRef = 5510430620F23CBB00D3C58C /* AppDelegate.swift */; };
		5510430920F23CBB00D3C58C /* ViewController.swift in Sources */ = {isa = PBXBuildFile; fileRef = 5510430820F23CBB00D3C58C /* ViewController.swift */; };
		5510430C20F23CBB00D3C58C /* Main.storyboard in Resources */ = {isa = PBXBuildFile; fileRef = 5510430A20F23CBB00D3C58C /* Main.storyboard */; };
		5510430E20F23CBC00D3C58C /* Assets.xcassets in Resources */ = {isa = PBXBuildFile; fileRef = 5510430D20F23CBC00D3C58C /* Assets.xcassets */; };
		5510431120F23CBC00D3C58C /* LaunchScreen.storyboard in Resources */ = {isa = PBXBuildFile; fileRef = 5510430F20F23CBC00D3C58C /* LaunchScreen.storyboard */; };
		5510431C20F23CBD00D3C58C /* chapter2_ImageViewTests.swift in Sources */ = {isa = PBXBuildFile; fileRef = 5510431B20F23CBD00D3C58C /* chapter2_ImageViewTests.swift */; };
		5510432720F23CBD00D3C58C /* chapter2_ImageViewUITests.swift in Sources */ = {isa = PBXBuildFile; fileRef = 5510432620F23CBD00D3C58C /* chapter2_ImageViewUITests.swift */; };
/* End PBXBuildFile section */

/* Begin PBXContainerItemProxy section */
		5510431820F23CBD00D3C58C /* PBXContainerItemProxy */ = {
			isa = PBXContainerItemProxy;
			containerPortal = 551042FB20F23CBB00D3C58C /* Project object */;
			proxyType = 1;
			remoteGlobalIDString = 5510430220F23CBB00D3C58C;
			remoteInfo = chapter2.ImageView;
		};
		5510432320F23CBD00D3C58C /* PBXContainerItemProxy */ = {
			isa = PBXContainerItemProxy;
			containerPortal = 551042FB20F23CBB00D3C58C /* Project object */;
			proxyType = 1;
			remoteGlobalIDString = 5510430220F23CBB00D3C58C;
			remoteInfo = chapter2.ImageView;
		};
/* End PBXContainerItemProxy section */

/* Begin PBXFileReference section */
		5510430320F23CBB00D3C58C /* chapter2.ImageView.app */ = {isa = PBXFileReference; explicitFileType = wrapper.application; includeInIndex = 0; path = chapter2.ImageView.app; sourceTree = BUILT_PRODUCTS_DIR; };
		5510430620F23CBB00D3C58C /* AppDelegate.swift */ = {isa = PBXFileReference; lastKnownFileType = sourcecode.swift; path = AppDelegate.swift; sourceTree = "<group>"; };
		5510430820F23CBB00D3C58C /* ViewController.swift */ = {isa = PBXFileReference; lastKnownFileType = sourcecode.swift; path = ViewController.swift; sourceTree = "<group>"; };
		5510430B20F23CBB00D3C58C /* Base */ = {isa = PBXFileReference; lastKnownFileType = file.storyboard; name = Base; path = Base.lproj/Main.storyboard; sourceTree = "<group>"; };
		5510430D20F23CBC00D3C58C /* Assets.xcassets */ = {isa = PBXFileReference; lastKnownFileType = folder.assetcatalog; path = Assets.xcassets; sourceTree = "<group>"; };
		5510431020F23CBC00D3C58C /* Base */ = {isa = PBXFileReference; lastKnownFileType = file.storyboard; name = Base; path = Base.lproj/LaunchScreen.storyboard; sourceTree = "<group>"; };
		5510431220F23CBC00D3C58C /* Info.plist */ = {isa = PBXFileReference; lastKnownFileType = text.plist.xml; path = Info.plist; sourceTree = "<group>"; };
		5510431720F23CBD00D3C58C /* chapter2.ImageViewTests.xctest */ = {isa = PBXFileReference; explicitFileType = wrapper.cfbundle; includeInIndex = 0; path = chapter2.ImageViewTests.xctest; sourceTree = BUILT_PRODUCTS_DIR; };
		5510431B20F23CBD00D3C58C /* chapter2_ImageViewTests.swift */ = {isa = PBXFileReference; lastKnownFileType = sourcecode.swift; path = chapter2_ImageViewTests.swift; sourceTree = "<group>"; };
		5510431D20F23CBD00D3C58C /* Info.plist */ = {isa = PBXFileReference; lastKnownFileType = text.plist.xml; path = Info.plist; sourceTree = "<group>"; };
		5510432220F23CBD00D3C58C /* chapter2.ImageViewUITests.xctest */ = {isa = PBXFileReference; explicitFileType = wrapper.cfbundle; includeInIndex = 0; path = chapter2.ImageViewUITests.xctest; sourceTree = BUILT_PRODUCTS_DIR; };
		5510432620F23CBD00D3C58C /* chapter2_ImageViewUITests.swift */ = {isa = PBXFileReference; lastKnownFileType = sourcecode.swift; path = chapter2_ImageViewUITests.swift; sourceTree = "<group>"; };
		5510432820F23CBD00D3C58C /* Info.plist */ = {isa = PBXFileReference; lastKnownFileType = text.plist.xml; path = Info.plist; sourceTree = "<group>"; };
/* End PBXFileReference section */

/* Begin PBXFrameworksBuildPhase section */
		5510430020F23CBB00D3C58C /* Frameworks */ = {
			isa = PBXFrameworksBuildPhase;
			buildActionMask = 2147483647;
			files = (
			);
			runOnlyForDeploymentPostprocessing = 0;
		};
		5510431420F23CBD00D3C58C /* Frameworks */ = {
			isa = PBXFrameworksBuildPhase;
			buildActionMask = 2147483647;
			files = (
			);
			runOnlyForDeploymentPostprocessing = 0;
		};
		5510431F20F23CBD00D3C58C /* Frameworks */ = {
			isa = PBXFrameworksBuildPhase;
			buildActionMask = 2147483647;
			files = (
			);
			runOnlyForDeploymentPostprocessing = 0;
		};
/* End PBXFrameworksBuildPhase section */

/* Begin PBXGroup section */
		551042FA20F23CBB00D3C58C = {
			isa = PBXGroup;
			children = (
				5510430520F23CBB00D3C58C /* chapter2.ImageView */,
				5510431A20F23CBD00D3C58C /* chapter2.ImageViewTests */,
				5510432520F23CBD00D3C58C /* chapter2.ImageViewUITests */,
				5510430420F23CBB00D3C58C /* Products */,
			);
			sourceTree = "<group>";
		};
		5510430420F23CBB00D3C58C /* Products */ = {
			isa = PBXGroup;
			children = (
				5510430320F23CBB00D3C58C /* chapter2.ImageView.app */,
				5510431720F23CBD00D3C58C /* chapter2.ImageViewTests.xctest */,
				5510432220F23CBD00D3C58C /* chapter2.ImageViewUITests.xctest */,
			);
			name = Products;
			sourceTree = "<group>";
		};
		5510430520F23CBB00D3C58C /* chapter2.ImageView */ = {
			isa = PBXGroup;
			children = (
				5510430620F23CBB00D3C58C /* AppDelegate.swift */,
				5510430820F23CBB00D3C58C /* ViewController.swift */,
				5510430A20F23CBB00D3C58C /* Main.storyboard */,
				5510430D20F23CBC00D3C58C /* Assets.xcassets */,
				5510430F20F23CBC00D3C58C /* LaunchScreen.storyboard */,
				5510431220F23CBC00D3C58C /* Info.plist */,
			);
			path = chapter2.ImageView;
			sourceTree = "<group>";
		};
		5510431A20F23CBD00D3C58C /* chapter2.ImageViewTests */ = {
			isa = PBXGroup;
			children = (
				5510431B20F23CBD00D3C58C /* chapter2_ImageViewTests.swift */,
				5510431D20F23CBD00D3C58C /* Info.plist */,
			);
			path = chapter2.ImageViewTests;
			sourceTree = "<group>";
		};
		5510432520F23CBD00D3C58C /* chapter2.ImageViewUITests */ = {
			isa = PBXGroup;
			children = (
				5510432620F23CBD00D3C58C /* chapter2_ImageViewUITests.swift */,
				5510432820F23CBD00D3C58C /* Info.plist */,
			);
			path = chapter2.ImageViewUITests;
			sourceTree = "<group>";
		};
/* End PBXGroup section */

/* Begin PBXNativeTarget section */
		5510430220F23CBB00D3C58C /* chapter2.ImageView */ = {
			isa = PBXNativeTarget;
			buildConfigurationList = 5510432B20F23CBD00D3C58C /* Build configuration list for PBXNativeTarget "chapter2.ImageView" */;
			buildPhases = (
				551042FF20F23CBB00D3C58C /* Sources */,
				5510430020F23CBB00D3C58C /* Frameworks */,
				5510430120F23CBB00D3C58C /* Resources */,
			);
			buildRules = (
			);
			dependencies = (
			);
			name = chapter2.ImageView;
			productName = chapter2.ImageView;
			productReference = 5510430320F23CBB00D3C58C /* chapter2.ImageView.app */;
			productType = "com.apple.product-type.application";
		};
		5510431620F23CBD00D3C58C /* chapter2.ImageViewTests */ = {
			isa = PBXNativeTarget;
			buildConfigurationList = 5510432E20F23CBD00D3C58C /* Build configuration list for PBXNativeTarget "chapter2.ImageViewTests" */;
			buildPhases = (
				5510431320F23CBD00D3C58C /* Sources */,
				5510431420F23CBD00D3C58C /* Frameworks */,
				5510431520F23CBD00D3C58C /* Resources */,
			);
			buildRules = (
			);
			dependencies = (
				5510431920F23CBD00D3C58C /* PBXTargetDependency */,
			);
			name = chapter2.ImageViewTests;
			productName = chapter2.ImageViewTests;
			productReference = 5510431720F23CBD00D3C58C /* chapter2.ImageViewTests.xctest */;
			productType = "com.apple.product-type.bundle.unit-test";
		};
		5510432120F23CBD00D3C58C /* chapter2.ImageViewUITests */ = {
			isa = PBXNativeTarget;
			buildConfigurationList = 5510433120F23CBD00D3C58C /* Build configuration list for PBXNativeTarget "chapter2.ImageViewUITests" */;
			buildPhases = (
				5510431E20F23CBD00D3C58C /* Sources */,
				5510431F20F23CBD00D3C58C /* Frameworks */,
				5510432020F23CBD00D3C58C /* Resources */,
			);
			buildRules = (
			);
			dependencies = (
				5510432420F23CBD00D3C58C /* PBXTargetDependency */,
			);
			name = chapter2.ImageViewUITests;
			productName = chapter2.ImageViewUITests;
			productReference = 5510432220F23CBD00D3C58C /* chapter2.ImageViewUITests.xctest */;
			productType = "com.apple.product-type.bundle.ui-testing";
		};
/* End PBXNativeTarget section */

/* Begin PBXProject section */
		551042FB20F23CBB00D3C58C /* Project object */ = {
			isa = PBXProject;
			attributes = {
				LastSwiftUpdateCheck = 0940;
				LastUpgradeCheck = 0940;
				ORGANIZATIONNAME = "So young Yoon";
				TargetAttributes = {
					5510430220F23CBB00D3C58C = {
						CreatedOnToolsVersion = 9.4.1;
					};
					5510431620F23CBD00D3C58C = {
						CreatedOnToolsVersion = 9.4.1;
						TestTargetID = 5510430220F23CBB00D3C58C;
					};
					5510432120F23CBD00D3C58C = {
						CreatedOnToolsVersion = 9.4.1;
						TestTargetID = 5510430220F23CBB00D3C58C;
					};
				};
			};
			buildConfigurationList = 551042FE20F23CBB00D3C58C /* Build configuration list for PBXProject "chapter2.ImageView" */;
			compatibilityVersion = "Xcode 9.3";
			developmentRegion = en;
			hasScannedForEncodings = 0;
			knownRegions = (
				en,
				Base,
			);
			mainGroup = 551042FA20F23CBB00D3C58C;
			productRefGroup = 5510430420F23CBB00D3C58C /* Products */;
			projectDirPath = "";
			projectRoot = "";
			targets = (
				5510430220F23CBB00D3C58C /* chapter2.ImageView */,
				5510431620F23CBD00D3C58C /* chapter2.ImageViewTests */,
				5510432120F23CBD00D3C58C /* chapter2.ImageViewUITests */,
			);
		};
/* End PBXProject section */

/* Begin PBXResourcesBuildPhase section */
		5510430120F23CBB00D3C58C /* Resources */ = {
			isa = PBXResourcesBuildPhase;
			buildActionMask = 2147483647;
			files = (
				5510431120F23CBC00D3C58C /* LaunchScreen.storyboard in Resources */,
				5510430E20F23CBC00D3C58C /* Assets.xcassets in Resources */,
				5510430C20F23CBB00D3C58C /* Main.storyboard in Resources */,
			);
			runOnlyForDeploymentPostprocessing = 0;
		};
		5510431520F23CBD00D3C58C /* Resources */ = {
			isa = PBXResourcesBuildPhase;
			buildActionMask = 2147483647;
			files = (
			);
			runOnlyForDeploymentPostprocessing = 0;
		};
		5510432020F23CBD00D3C58C /* Resources */ = {
			isa = PBXResourcesBuildPhase;
			buildActionMask = 2147483647;
			files = (
			);
			runOnlyForDeploymentPostprocessing = 0;
		};
/* End PBXResourcesBuildPhase section */

/* Begin PBXSourcesBuildPhase section */
		551042FF20F23CBB00D3C58C /* Sources */ = {
			isa = PBXSourcesBuildPhase;
			buildActionMask = 2147483647;
			files = (
				5510430920F23CBB00D3C58C /* ViewController.swift in Sources */,
				5510430720F23CBB00D3C58C /* AppDelegate.swift in Sources */,
			);
			runOnlyForDeploymentPostprocessing = 0;
		};
		5510431320F23CBD00D3C58C /* Sources */ = {
			isa = PBXSourcesBuildPhase;
			buildActionMask = 2147483647;
			files = (
				5510431C20F23CBD00D3C58C /* chapter2_ImageViewTests.swift in Sources */,
			);
			runOnlyForDeploymentPostprocessing = 0;
		};
		5510431E20F23CBD00D3C58C /* Sources */ = {
			isa = PBXSourcesBuildPhase;
			buildActionMask = 2147483647;
			files = (
				5510432720F23CBD00D3C58C /* chapter2_ImageViewUITests.swift in Sources */,
			);
			runOnlyForDeploymentPostprocessing = 0;
		};
/* End PBXSourcesBuildPhase section */

/* Begin PBXTargetDependency section */
		5510431920F23CBD00D3C58C /* PBXTargetDependency */ = {
			isa = PBXTargetDependency;
			target = 5510430220F23CBB00D3C58C /* chapter2.ImageView */;
			targetProxy = 5510431820F23CBD00D3C58C /* PBXContainerItemProxy */;
		};
		5510432420F23CBD00D3C58C /* PBXTargetDependency */ = {
			isa = PBXTargetDependency;
			target = 5510430220F23CBB00D3C58C /* chapter2.ImageView */;
			targetProxy = 5510432320F23CBD00D3C58C /* PBXContainerItemProxy */;
		};
/* End PBXTargetDependency section */

/* Begin PBXVariantGroup section */
		5510430A20F23CBB00D3C58C /* Main.storyboard */ = {
			isa = PBXVariantGroup;
			children = (
				5510430B20F23CBB00D3C58C /* Base */,
			);
			name = Main.storyboard;
			sourceTree = "<group>";
		};
		5510430F20F23CBC00D3C58C /* LaunchScreen.storyboard */ = {
			isa = PBXVariantGroup;
			children = (
				5510431020F23CBC00D3C58C /* Base */,
			);
			name = LaunchScreen.storyboard;
			sourceTree = "<group>";
		};
/* End PBXVariantGroup section */

/* Begin XCBuildConfiguration section */
		5510432920F23CBD00D3C58C /* Debug */ = {
			isa = XCBuildConfiguration;
			buildSettings = {
				ALWAYS_SEARCH_USER_PATHS = NO;
				CLANG_ANALYZER_NONNULL = YES;
				CLANG_ANALYZER_NUMBER_OBJECT_CONVERSION = YES_AGGRESSIVE;
				CLANG_CXX_LANGUAGE_STANDARD = "gnu++14";
				CLANG_CXX_LIBRARY = "libc++";
				CLANG_ENABLE_MODULES = YES;
				CLANG_ENABLE_OBJC_ARC = YES;
				CLANG_ENABLE_OBJC_WEAK = YES;
				CLANG_WARN_BLOCK_CAPTURE_AUTORELEASING = YES;
				CLANG_WARN_BOOL_CONVERSION = YES;
				CLANG_WARN_COMMA = YES;
				CLANG_WARN_CONSTANT_CONVERSION = YES;
				CLANG_WARN_DEPRECATED_OBJC_IMPLEMENTATIONS = YES;
				CLANG_WARN_DIRECT_OBJC_ISA_USAGE = YES_ERROR;
				CLANG_WARN_DOCUMENTATION_COMMENTS = YES;
				CLANG_WARN_EMPTY_BODY = YES;
				CLANG_WARN_ENUM_CONVERSION = YES;
				CLANG_WARN_INFINITE_RECURSION = YES;
				CLANG_WARN_INT_CONVERSION = YES;
				CLANG_WARN_NON_LITERAL_NULL_CONVERSION = YES;
				CLANG_WARN_OBJC_IMPLICIT_RETAIN_SELF = YES;
				CLANG_WARN_OBJC_LITERAL_CONVERSION = YES;
				CLANG_WARN_OBJC_ROOT_CLASS = YES_ERROR;
				CLANG_WARN_RANGE_LOOP_ANALYSIS = YES;
				CLANG_WARN_STRICT_PROTOTYPES = YES;
				CLANG_WARN_SUSPICIOUS_MOVE = YES;
				CLANG_WARN_UNGUARDED_AVAILABILITY = YES_AGGRESSIVE;
				CLANG_WARN_UNREACHABLE_CODE = YES;
				CLANG_WARN__DUPLICATE_METHOD_MATCH = YES;
				CODE_SIGN_IDENTITY = "iPhone Developer";
				COPY_PHASE_STRIP = NO;
				DEBUG_INFORMATION_FORMAT = dwarf;
				ENABLE_STRICT_OBJC_MSGSEND = YES;
				ENABLE_TESTABILITY = YES;
				GCC_C_LANGUAGE_STANDARD = gnu11;
				GCC_DYNAMIC_NO_PIC = NO;
				GCC_NO_COMMON_BLOCKS = YES;
				GCC_OPTIMIZATION_LEVEL = 0;
				GCC_PREPROCESSOR_DEFINITIONS = (
					"DEBUG=1",
					"$(inherited)",
				);
				GCC_WARN_64_TO_32_BIT_CONVERSION = YES;
				GCC_WARN_ABOUT_RETURN_TYPE = YES_ERROR;
				GCC_WARN_UNDECLARED_SELECTOR = YES;
				GCC_WARN_UNINITIALIZED_AUTOS = YES_AGGRESSIVE;
				GCC_WARN_UNUSED_FUNCTION = YES;
				GCC_WARN_UNUSED_VARIABLE = YES;
				IPHONEOS_DEPLOYMENT_TARGET = 11.4;
				MTL_ENABLE_DEBUG_INFO = YES;
				ONLY_ACTIVE_ARCH = YES;
				SDKROOT = iphoneos;
				SWIFT_ACTIVE_COMPILATION_CONDITIONS = DEBUG;
				SWIFT_OPTIMIZATION_LEVEL = "-Onone";
			};
			name = Debug;
		};
		5510432A20F23CBD00D3C58C /* Release */ = {
			isa = XCBuildConfiguration;
			buildSettings = {
				ALWAYS_SEARCH_USER_PATHS = NO;
				CLANG_ANALYZER_NONNULL = YES;
				CLANG_ANALYZER_NUMBER_OBJECT_CONVERSION = YES_AGGRESSIVE;
				CLANG_CXX_LANGUAGE_STANDARD = "gnu++14";
				CLANG_CXX_LIBRARY = "libc++";
				CLANG_ENABLE_MODULES = YES;
				CLANG_ENABLE_OBJC_ARC = YES;
				CLANG_ENABLE_OBJC_WEAK = YES;
				CLANG_WARN_BLOCK_CAPTURE_AUTORELEASING = YES;
				CLANG_WARN_BOOL_CONVERSION = YES;
				CLANG_WARN_COMMA = YES;
				CLANG_WARN_CONSTANT_CONVERSION = YES;
				CLANG_WARN_DEPRECATED_OBJC_IMPLEMENTATIONS = YES;
				CLANG_WARN_DIRECT_OBJC_ISA_USAGE = YES_ERROR;
				CLANG_WARN_DOCUMENTATION_COMMENTS = YES;
				CLANG_WARN_EMPTY_BODY = YES;
				CLANG_WARN_ENUM_CONVERSION = YES;
				CLANG_WARN_INFINITE_RECURSION = YES;
				CLANG_WARN_INT_CONVERSION = YES;
				CLANG_WARN_NON_LITERAL_NULL_CONVERSION = YES;
				CLANG_WARN_OBJC_IMPLICIT_RETAIN_SELF = YES;
				CLANG_WARN_OBJC_LITERAL_CONVERSION = YES;
				CLANG_WARN_OBJC_ROOT_CLASS = YES_ERROR;
				CLANG_WARN_RANGE_LOOP_ANALYSIS = YES;
				CLANG_WARN_STRICT_PROTOTYPES = YES;
				CLANG_WARN_SUSPICIOUS_MOVE = YES;
				CLANG_WARN_UNGUARDED_AVAILABILITY = YES_AGGRESSIVE;
				CLANG_WARN_UNREACHABLE_CODE = YES;
				CLANG_WARN__DUPLICATE_METHOD_MATCH = YES;
				CODE_SIGN_IDENTITY = "iPhone Developer";
				COPY_PHASE_STRIP = NO;
				DEBUG_INFORMATION_FORMAT = "dwarf-with-dsym";
				ENABLE_NS_ASSERTIONS = NO;
				ENABLE_STRICT_OBJC_MSGSEND = YES;
				GCC_C_LANGUAGE_STANDARD = gnu11;
				GCC_NO_COMMON_BLOCKS = YES;
				GCC_WARN_64_TO_32_BIT_CONVERSION = YES;
				GCC_WARN_ABOUT_RETURN_TYPE = YES_ERROR;
				GCC_WARN_UNDECLARED_SELECTOR = YES;
				GCC_WARN_UNINITIALIZED_AUTOS = YES_AGGRESSIVE;
				GCC_WARN_UNUSED_FUNCTION = YES;
				GCC_WARN_UNUSED_VARIABLE = YES;
				IPHONEOS_DEPLOYMENT_TARGET = 11.4;
				MTL_ENABLE_DEBUG_INFO = NO;
				SDKROOT = iphoneos;
				SWIFT_COMPILATION_MODE = wholemodule;
				SWIFT_OPTIMIZATION_LEVEL = "-O";
				VALIDATE_PRODUCT = YES;
			};
			name = Release;
		};
		5510432C20F23CBD00D3C58C /* Debug */ = {
			isa = XCBuildConfiguration;
			buildSettings = {
				ASSETCATALOG_COMPILER_APPICON_NAME = AppIcon;
				CODE_SIGN_STYLE = Automatic;
				INFOPLIST_FILE = chapter2.ImageView/Info.plist;
				LD_RUNPATH_SEARCH_PATHS = (
					"$(inherited)",
					"@executable_path/Frameworks",
				);
				PRODUCT_BUNDLE_IDENTIFIER = "yoon86.chapter2-ImageView";
				PRODUCT_NAME = "$(TARGET_NAME)";
				SWIFT_VERSION = 4.0;
				TARGETED_DEVICE_FAMILY = "1,2";
			};
			name = Debug;
		};
		5510432D20F23CBD00D3C58C /* Release */ = {
			isa = XCBuildConfiguration;
			buildSettings = {
				ASSETCATALOG_COMPILER_APPICON_NAME = AppIcon;
				CODE_SIGN_STYLE = Automatic;
				INFOPLIST_FILE = chapter2.ImageView/Info.plist;
				LD_RUNPATH_SEARCH_PATHS = (
					"$(inherited)",
					"@executable_path/Frameworks",
				);
				PRODUCT_BUNDLE_IDENTIFIER = "yoon86.chapter2-ImageView";
				PRODUCT_NAME = "$(TARGET_NAME)";
				SWIFT_VERSION = 4.0;
				TARGETED_DEVICE_FAMILY = "1,2";
			};
			name = Release;
		};
		5510432F20F23CBD00D3C58C /* Debug */ = {
			isa = XCBuildConfiguration;
			buildSettings = {
				ALWAYS_EMBED_SWIFT_STANDARD_LIBRARIES = YES;
				BUNDLE_LOADER = "$(TEST_HOST)";
				CODE_SIGN_STYLE = Automatic;
				INFOPLIST_FILE = chapter2.ImageViewTests/Info.plist;
				LD_RUNPATH_SEARCH_PATHS = (
					"$(inherited)",
					"@executable_path/Frameworks",
					"@loader_path/Frameworks",
				);
				PRODUCT_BUNDLE_IDENTIFIER = "yoon86.chapter2-ImageViewTests";
				PRODUCT_NAME = "$(TARGET_NAME)";
				SWIFT_VERSION = 4.0;
				TARGETED_DEVICE_FAMILY = "1,2";
				TEST_HOST = "$(BUILT_PRODUCTS_DIR)/chapter2.ImageView.app/chapter2.ImageView";
			};
			name = Debug;
		};
		5510433020F23CBD00D3C58C /* Release */ = {
			isa = XCBuildConfiguration;
			buildSettings = {
				ALWAYS_EMBED_SWIFT_STANDARD_LIBRARIES = YES;
				BUNDLE_LOADER = "$(TEST_HOST)";
				CODE_SIGN_STYLE = Automatic;
				INFOPLIST_FILE = chapter2.ImageViewTests/Info.plist;
				LD_RUNPATH_SEARCH_PATHS = (
					"$(inherited)",
					"@executable_path/Frameworks",
					"@loader_path/Frameworks",
				);
				PRODUCT_BUNDLE_IDENTIFIER = "yoon86.chapter2-ImageViewTests";
				PRODUCT_NAME = "$(TARGET_NAME)";
				SWIFT_VERSION = 4.0;
				TARGETED_DEVICE_FAMILY = "1,2";
				TEST_HOST = "$(BUILT_PRODUCTS_DIR)/chapter2.ImageView.app/chapter2.ImageView";
			};
			name = Release;
		};
		5510433220F23CBD00D3C58C /* Debug */ = {
			isa = XCBuildConfiguration;
			buildSettings = {
				ALWAYS_EMBED_SWIFT_STANDARD_LIBRARIES = YES;
				CODE_SIGN_STYLE = Automatic;
				INFOPLIST_FILE = chapter2.ImageViewUITests/Info.plist;
				LD_RUNPATH_SEARCH_PATHS = (
					"$(inherited)",
					"@executable_path/Frameworks",
					"@loader_path/Frameworks",
				);
				PRODUCT_BUNDLE_IDENTIFIER = "yoon86.chapter2-ImageViewUITests";
				PRODUCT_NAME = "$(TARGET_NAME)";
				SWIFT_VERSION = 4.0;
				TARGETED_DEVICE_FAMILY = "1,2";
				TEST_TARGET_NAME = chapter2.ImageView;
			};
			name = Debug;
		};
		5510433320F23CBD00D3C58C /* Release */ = {
			isa = XCBuildConfiguration;
			buildSettings = {
				ALWAYS_EMBED_SWIFT_STANDARD_LIBRARIES = YES;
				CODE_SIGN_STYLE = Automatic;
				INFOPLIST_FILE = chapter2.ImageViewUITests/Info.plist;
				LD_RUNPATH_SEARCH_PATHS = (
					"$(inherited)",
					"@executable_path/Frameworks",
					"@loader_path/Frameworks",
				);
				PRODUCT_BUNDLE_IDENTIFIER = "yoon86.chapter2-ImageViewUITests";
				PRODUCT_NAME = "$(TARGET_NAME)";
				SWIFT_VERSION = 4.0;
				TARGETED_DEVICE_FAMILY = "1,2";
				TEST_TARGET_NAME = chapter2.ImageView;
			};
			name = Release;
		};
/* End XCBuildConfiguration section */

/* Begin XCConfigurationList section */
		551042FE20F23CBB00D3C58C /* Build configuration list for PBXProject "chapter2.ImageView" */ = {
			isa = XCConfigurationList;
			buildConfigurations = (
				5510432920F23CBD00D3C58C /* Debug */,
				5510432A20F23CBD00D3C58C /* Release */,
			);
			defaultConfigurationIsVisible = 0;
			defaultConfigurationName = Release;
		};
		5510432B20F23CBD00D3C58C /* Build configuration list for PBXNativeTarget "chapter2.ImageView" */ = {
			isa = XCConfigurationList;
			buildConfigurations = (
				5510432C20F23CBD00D3C58C /* Debug */,
				5510432D20F23CBD00D3C58C /* Release */,
			);
			defaultConfigurationIsVisible = 0;
			defaultConfigurationName = Release;
		};
		5510432E20F23CBD00D3C58C /* Build configuration list for PBXNativeTarget "chapter2.ImageViewTests" */ = {
			isa = XCConfigurationList;
			buildConfigurations = (
				5510432F20F23CBD00D3C58C /* Debug */,
				5510433020F23CBD00D3C58C /* Release */,
			);
			defaultConfigurationIsVisible = 0;
			defaultConfigurationName = Release;
		};
		5510433120F23CBD00D3C58C /* Build configuration list for PBXNativeTarget "chapter2.ImageViewUITests" */ = {
			isa = XCConfigurationList;
			buildConfigurations = (
				5510433220F23CBD00D3C58C /* Debug */,
				5510433320F23CBD00D3C58C /* Release */,
			);
			defaultConfigurationIsVisible = 0;
			defaultConfigurationName = Release;
		};
/* End XCConfigurationList section */
	};
	rootObject = 551042FB20F23CBB00D3C58C /* Project object */;
}
